
Microsoft Visual Studio Solution File, Format Version 12.00
# Visual Studio Version 16
VisualStudioVersion = 16.0.31702.278
MinimumVisualStudioVersion = 10.0.40219.1
Project("{FAE04EC0-301F-11D3-BF4B-00C04F79EFBC}") = "Demo.Web", "Demo.Web\Demo.Web.csproj", "{1087A3AB-4599-4BDD-9538-65A6F0B17C1B}"
EndProject
Project("{FAE04EC0-301F-11D3-BF4B-00C04F79EFBC}") = "Demo.API", "Demo.API\Demo.API.csproj", "{3CBE774B-CC14-4A91-9E7E-EC35C80BD10F}"
EndProject
Project("{FAE04EC0-301F-11D3-BF4B-00C04F79EFBC}") = "Demo.Models", "Demo.Models\Demo.Models.csproj", "{5EFC8DBD-FBFB-4BBD-A5C6-91E8126BF374}"
EndProject
Global
	GlobalSection(SolutionConfigurationPlatforms) = preSolution
		Debug|Any CPU = Debug|Any CPU
		Release|Any CPU = Release|Any CPU
	EndGlobalSection
	GlobalSection(ProjectConfigurationPlatforms) = postSolution
		{1087A3AB-4599-4BDD-9538-65A6F0B17C1B}.Debug|Any CPU.ActiveCfg = Debug|Any CPU
		{1087A3AB-4599-4BDD-9538-65A6F0B17C1B}.Debug|Any CPU.Build.0 = Debug|Any CPU
		{1087A3AB-4599-4BDD-9538-65A6F0B17C1B}.Release|Any CPU.ActiveCfg = Release|Any CPU
		{1087A3AB-4599-4BDD-9538-65A6F0B17C1B}.Release|Any CPU.Build.0 = Release|Any CPU
		{3CBE774B-CC14-4A91-9E7E-EC35C80BD10F}.Debug|Any CPU.ActiveCfg = Debug|Any CPU
		{3CBE774B-CC14-4A91-9E7E-EC35C80BD10F}.Debug|Any CPU.Build.0 = Debug|Any CPU
		{3CBE774B-CC14-4A91-9E7E-EC35C80BD10F}.Release|Any CPU.ActiveCfg = Release|Any CPU
		{3CBE774B-CC14-4A91-9E7E-EC35C80BD10F}.Release|Any CPU.Build.0 = Release|Any CPU
		{5EFC8DBD-FBFB-4BBD-A5C6-91E8126BF374}.Debug|Any CPU.ActiveCfg = Debug|Any CPU
		{5EFC8DBD-FBFB-4BBD-A5C6-91E8126BF374}.Debug|Any CPU.Build.0 = Debug|Any CPU
		{5EFC8DBD-FBFB-4BBD-A5C6-91E8126BF374}.Release|Any CPU.ActiveCfg = Release|Any CPU
		{5EFC8DBD-FBFB-4BBD-A5C6-91E8126BF374}.Release|Any CPU.Build.0 = Release|Any CPU
	EndGlobalSection
	GlobalSection(SolutionProperties) = preSolution
		HideSolutionNode = FALSE
	EndGlobalSection
	GlobalSection(ExtensibilityGlobals) = postSolution
		SolutionGuid = {5240D21B-9421-49D9-9547-6F9E938A9284}
	EndGlobalSection
EndGlobal
